
Microsoft Visual Studio Solution File, Format Version 12.00
# Visual Studio Version 16
VisualStudioVersion = 16.0.32228.343
MinimumVisualStudioVersion = 10.0.40219.1
Project("{FAE04EC0-301F-11D3-BF4B-00C04F79EFBC}") = "Upi", "Upi\Upi.csproj", "{2E05068A-6682-42B2-8692-6BC6DB011203}"
EndProject
Global
	GlobalSection(SolutionConfigurationPlatforms) = preSolution
		Debug|Any CPU = Debug|Any CPU
		Release|Any CPU = Release|Any CPU
	EndGlobalSection
	GlobalSection(ProjectConfigurationPlatforms) = postSolution
		{2E05068A-6682-42B2-8692-6BC6DB011203}.Debug|Any CPU.ActiveCfg = Debug|Any CPU
		{2E05068A-6682-42B2-8692-6BC6DB011203}.Debug|Any CPU.Build.0 = Debug|Any CPU
		{2E05068A-6682-42B2-8692-6BC6DB011203}.Release|Any CPU.ActiveCfg = Release|Any CPU
		{2E05068A-6682-42B2-8692-6BC6DB011203}.Release|Any CPU.Build.0 = Release|Any CPU
	EndGlobalSection
	GlobalSection(SolutionProperties) = preSolution
		HideSolutionNode = FALSE
	EndGlobalSection
	GlobalSection(ExtensibilityGlobals) = postSolution
		SolutionGuid = {9B1BDEB7-F1A3-4DF6-A3AE-88E19A81C54B}
	EndGlobalSection
EndGlobal
